
Microsoft Visual Studio Solution File, Format Version 12.00
# Visual Studio Version 17
VisualStudioVersion = 17.4.33213.308
MinimumVisualStudioVersion = 10.0.40219.1
Project("{FAE04EC0-301F-11D3-BF4B-00C04F79EFBC}") = "Blackjack", "Blackjack\Blackjack.csproj", "{B456EF9F-1E37-4210-B416-36A035E4B38C}"
EndProject
Global
	GlobalSection(SolutionConfigurationPlatforms) = preSolution
		Debug|Any CPU = Debug|Any CPU
		Release|Any CPU = Release|Any CPU
	EndGlobalSection
	GlobalSection(ProjectConfigurationPlatforms) = postSolution
		{B456EF9F-1E37-4210-B416-36A035E4B38C}.Debug|Any CPU.ActiveCfg = Debug|Any CPU
		{B456EF9F-1E37-4210-B416-36A035E4B38C}.Debug|Any CPU.Build.0 = Debug|Any CPU
		{B456EF9F-1E37-4210-B416-36A035E4B38C}.Release|Any CPU.ActiveCfg = Release|Any CPU
		{B456EF9F-1E37-4210-B416-36A035E4B38C}.Release|Any CPU.Build.0 = Release|Any CPU
	EndGlobalSection
	GlobalSection(SolutionProperties) = preSolution
		HideSolutionNode = FALSE
	EndGlobalSection
	GlobalSection(ExtensibilityGlobals) = postSolution
		SolutionGuid = {3C609659-6931-4C8F-BF24-9D48BBABE1D7}
	EndGlobalSection
EndGlobal
