
Microsoft Visual Studio Solution File, Format Version 12.00
# Visual Studio Version 17
VisualStudioVersion = 17.4.33213.308
MinimumVisualStudioVersion = 10.0.40219.1
Project("{FAE04EC0-301F-11D3-BF4B-00C04F79EFBC}") = "IP_to_LOCATION", "IpFinder\IP_to_LOCATION.csproj", "{0F0301D9-1E19-4E8C-846D-CC2FE3E1C440}"
EndProject
Global
	GlobalSection(SolutionConfigurationPlatforms) = preSolution
		Debug|Any CPU = Debug|Any CPU
		Release|Any CPU = Release|Any CPU
	EndGlobalSection
	GlobalSection(ProjectConfigurationPlatforms) = postSolution
		{0F0301D9-1E19-4E8C-846D-CC2FE3E1C440}.Debug|Any CPU.ActiveCfg = Debug|Any CPU
		{0F0301D9-1E19-4E8C-846D-CC2FE3E1C440}.Debug|Any CPU.Build.0 = Debug|Any CPU
		{0F0301D9-1E19-4E8C-846D-CC2FE3E1C440}.Release|Any CPU.ActiveCfg = Release|Any CPU
		{0F0301D9-1E19-4E8C-846D-CC2FE3E1C440}.Release|Any CPU.Build.0 = Release|Any CPU
	EndGlobalSection
	GlobalSection(SolutionProperties) = preSolution
		HideSolutionNode = FALSE
	EndGlobalSection
	GlobalSection(ExtensibilityGlobals) = postSolution
		SolutionGuid = {E897F4A9-E32E-4E3F-9E34-91C1EBEAD603}
	EndGlobalSection
EndGlobal
